
Microsoft Visual Studio Solution File, Format Version 12.00
# Visual Studio 15
VisualStudioVersion = 15.0.27428.2015
MinimumVisualStudioVersion = 10.0.40219.1
Project("{00D1A9C2-B5F0-4AF3-8072-F6C62B433612}") = "Commerce", "Commerce\Commerce.sqlproj", "{50C6A7D6-F3F5-4268-B855-CEE803124318}"
EndProject
Project("{6870E480-7721-4708-BFB8-9AE898AA21B3}") = "Commerce_AS", "Commerce_AS\Commerce_AS.smproj", "{8CE414BB-95B2-4C99-9E03-51BA72086E22}"
EndProject
Global
	GlobalSection(SolutionConfigurationPlatforms) = preSolution
		Debug|Any CPU = Debug|Any CPU
		Debug|x86 = Debug|x86
		Development|Any CPU = Development|Any CPU
		Development|x86 = Development|x86
		Releaase|Any CPU = Releaase|Any CPU
		Releaase|x86 = Releaase|x86
		Release|Any CPU = Release|Any CPU
		Release|x86 = Release|x86
	EndGlobalSection
	GlobalSection(ProjectConfigurationPlatforms) = postSolution
		{50C6A7D6-F3F5-4268-B855-CEE803124318}.Debug|Any CPU.ActiveCfg = Release|Any CPU
		{50C6A7D6-F3F5-4268-B855-CEE803124318}.Debug|Any CPU.Build.0 = Release|Any CPU
		{50C6A7D6-F3F5-4268-B855-CEE803124318}.Debug|Any CPU.Deploy.0 = Release|Any CPU
		{50C6A7D6-F3F5-4268-B855-CEE803124318}.Debug|x86.ActiveCfg = Debug|Any CPU
		{50C6A7D6-F3F5-4268-B855-CEE803124318}.Debug|x86.Build.0 = Debug|Any CPU
		{50C6A7D6-F3F5-4268-B855-CEE803124318}.Debug|x86.Deploy.0 = Debug|Any CPU
		{50C6A7D6-F3F5-4268-B855-CEE803124318}.Development|Any CPU.ActiveCfg = Debug|Any CPU
		{50C6A7D6-F3F5-4268-B855-CEE803124318}.Development|Any CPU.Build.0 = Debug|Any CPU
		{50C6A7D6-F3F5-4268-B855-CEE803124318}.Development|Any CPU.Deploy.0 = Debug|Any CPU
		{50C6A7D6-F3F5-4268-B855-CEE803124318}.Development|x86.ActiveCfg = Debug|Any CPU
		{50C6A7D6-F3F5-4268-B855-CEE803124318}.Development|x86.Build.0 = Debug|Any CPU
		{50C6A7D6-F3F5-4268-B855-CEE803124318}.Development|x86.Deploy.0 = Debug|Any CPU
		{50C6A7D6-F3F5-4268-B855-CEE803124318}.Releaase|Any CPU.ActiveCfg = Release|Any CPU
		{50C6A7D6-F3F5-4268-B855-CEE803124318}.Releaase|Any CPU.Build.0 = Release|Any CPU
		{50C6A7D6-F3F5-4268-B855-CEE803124318}.Releaase|Any CPU.Deploy.0 = Release|Any CPU
		{50C6A7D6-F3F5-4268-B855-CEE803124318}.Releaase|x86.ActiveCfg = Release|Any CPU
		{50C6A7D6-F3F5-4268-B855-CEE803124318}.Releaase|x86.Build.0 = Release|Any CPU
		{50C6A7D6-F3F5-4268-B855-CEE803124318}.Releaase|x86.Deploy.0 = Release|Any CPU
		{50C6A7D6-F3F5-4268-B855-CEE803124318}.Release|Any CPU.ActiveCfg = Release|Any CPU
		{50C6A7D6-F3F5-4268-B855-CEE803124318}.Release|Any CPU.Build.0 = Release|Any CPU
		{50C6A7D6-F3F5-4268-B855-CEE803124318}.Release|Any CPU.Deploy.0 = Release|Any CPU
		{50C6A7D6-F3F5-4268-B855-CEE803124318}.Release|x86.ActiveCfg = Release|Any CPU
		{50C6A7D6-F3F5-4268-B855-CEE803124318}.Release|x86.Build.0 = Release|Any CPU
		{50C6A7D6-F3F5-4268-B855-CEE803124318}.Release|x86.Deploy.0 = Release|Any CPU
		{8CE414BB-95B2-4C99-9E03-51BA72086E22}.Debug|Any CPU.ActiveCfg = Development|x86
		{8CE414BB-95B2-4C99-9E03-51BA72086E22}.Debug|Any CPU.Build.0 = Development|x86
		{8CE414BB-95B2-4C99-9E03-51BA72086E22}.Debug|Any CPU.Deploy.0 = Development|x86
		{8CE414BB-95B2-4C99-9E03-51BA72086E22}.Debug|x86.ActiveCfg = Development|x86
		{8CE414BB-95B2-4C99-9E03-51BA72086E22}.Debug|x86.Build.0 = Development|x86
		{8CE414BB-95B2-4C99-9E03-51BA72086E22}.Debug|x86.Deploy.0 = Development|x86
		{8CE414BB-95B2-4C99-9E03-51BA72086E22}.Development|Any CPU.ActiveCfg = Development|x86
		{8CE414BB-95B2-4C99-9E03-51BA72086E22}.Development|x86.ActiveCfg = Development|x86
		{8CE414BB-95B2-4C99-9E03-51BA72086E22}.Development|x86.Build.0 = Development|x86
		{8CE414BB-95B2-4C99-9E03-51BA72086E22}.Development|x86.Deploy.0 = Development|x86
		{8CE414BB-95B2-4C99-9E03-51BA72086E22}.Releaase|Any CPU.ActiveCfg = Release|x86
		{8CE414BB-95B2-4C99-9E03-51BA72086E22}.Releaase|x86.ActiveCfg = Release|x86
		{8CE414BB-95B2-4C99-9E03-51BA72086E22}.Releaase|x86.Build.0 = Release|x86
		{8CE414BB-95B2-4C99-9E03-51BA72086E22}.Releaase|x86.Deploy.0 = Release|x86
		{8CE414BB-95B2-4C99-9E03-51BA72086E22}.Release|Any CPU.ActiveCfg = Development|x86
		{8CE414BB-95B2-4C99-9E03-51BA72086E22}.Release|Any CPU.Build.0 = Development|x86
		{8CE414BB-95B2-4C99-9E03-51BA72086E22}.Release|Any CPU.Deploy.0 = Development|x86
		{8CE414BB-95B2-4C99-9E03-51BA72086E22}.Release|x86.ActiveCfg = Development|x86
		{8CE414BB-95B2-4C99-9E03-51BA72086E22}.Release|x86.Build.0 = Development|x86
		{8CE414BB-95B2-4C99-9E03-51BA72086E22}.Release|x86.Deploy.0 = Development|x86
	EndGlobalSection
	GlobalSection(SolutionProperties) = preSolution
		HideSolutionNode = FALSE
	EndGlobalSection
	GlobalSection(ExtensibilityGlobals) = postSolution
		SolutionGuid = {B1FDBC8E-F71B-49EE-AC69-FE76214A5B25}
	EndGlobalSection
EndGlobal
